SITE
  remote: http://community.opscode.com/api/v1
  specs:
    apache2 (1.1.8)
    build-essential (1.0.0)
    graphite (0.3.0)
      apache2 (>= 0.0.0)
      python (>= 0.0.0)
      runit (>= 0.0.0)
    munin (1.0.2)
      apache2 (>= 1.0.6)
    ntp (1.1.8)
    python (1.0.6)
      build-essential (>= 0.0.0)
    runit (0.15.0)

PATH
  remote: ../my-cookbooks/vagrant-ohai
  specs:
    vagrant-ohai (1.0.0)

DEPENDENCIES
  apache2 (>= 1.0.0)
  graphite (>= 0.3.0)
  munin (>= 1.0.0)
  ntp (>= 1.0.0)
  vagrant-ohai (>= 0)

